
Microsoft Visual Studio Solution File, Format Version 12.00
# Visual Studio Version 17
VisualStudioVersion = 17.1.32210.238
MinimumVisualStudioVersion = 10.0.40219.1
Project("{FAE04EC0-301F-11D3-BF4B-00C04F79EFBC}") = "Eterna", "Eterna\Eterna.csproj", "{340130B4-7F19-4F6A-899A-8183795682F3}"
EndProject
Global
	GlobalSection(SolutionConfigurationPlatforms) = preSolution
		Debug|Any CPU = Debug|Any CPU
		Release|Any CPU = Release|Any CPU
	EndGlobalSection
	GlobalSection(ProjectConfigurationPlatforms) = postSolution
		{340130B4-7F19-4F6A-899A-8183795682F3}.Debug|Any CPU.ActiveCfg = Debug|Any CPU
		{340130B4-7F19-4F6A-899A-8183795682F3}.Debug|Any CPU.Build.0 = Debug|Any CPU
		{340130B4-7F19-4F6A-899A-8183795682F3}.Release|Any CPU.ActiveCfg = Release|Any CPU
		{340130B4-7F19-4F6A-899A-8183795682F3}.Release|Any CPU.Build.0 = Release|Any CPU
	EndGlobalSection
	GlobalSection(SolutionProperties) = preSolution
		HideSolutionNode = FALSE
	EndGlobalSection
	GlobalSection(ExtensibilityGlobals) = postSolution
		SolutionGuid = {37885CA3-819B-4712-B3FF-95604FB168B3}
	EndGlobalSection
EndGlobal
